
Microsoft Visual Studio Solution File, Format Version 12.00
# Visual Studio Version 17
VisualStudioVersion = 17.5.33530.505
MinimumVisualStudioVersion = 10.0.40219.1
Project("{FAE04EC0-301F-11D3-BF4B-00C04F79EFBC}") = "NZWalks.API", "NZWalks.API\NZWalks.API.csproj", "{58E1A7C0-A47C-483A-824C-C6C0508885CC}"
EndProject
Global
	GlobalSection(SolutionConfigurationPlatforms) = preSolution
		Debug|Any CPU = Debug|Any CPU
		Release|Any CPU = Release|Any CPU
	EndGlobalSection
	GlobalSection(ProjectConfigurationPlatforms) = postSolution
		{58E1A7C0-A47C-483A-824C-C6C0508885CC}.Debug|Any CPU.ActiveCfg = Debug|Any CPU
		{58E1A7C0-A47C-483A-824C-C6C0508885CC}.Debug|Any CPU.Build.0 = Debug|Any CPU
		{58E1A7C0-A47C-483A-824C-C6C0508885CC}.Release|Any CPU.ActiveCfg = Release|Any CPU
		{58E1A7C0-A47C-483A-824C-C6C0508885CC}.Release|Any CPU.Build.0 = Release|Any CPU
	EndGlobalSection
	GlobalSection(SolutionProperties) = preSolution
		HideSolutionNode = FALSE
	EndGlobalSection
	GlobalSection(ExtensibilityGlobals) = postSolution
		SolutionGuid = {1D3BA197-8C6D-4035-A707-E291AD499E9D}
	EndGlobalSection
EndGlobal
